
Microsoft Visual Studio Solution File, Format Version 12.00
# Visual Studio Version 16
VisualStudioVersion = 16.0.29503.13
MinimumVisualStudioVersion = 10.0.40219.1
Project("{FAE04EC0-301F-11D3-BF4B-00C04F79EFBC}") = "CollegeInformatiomSystem", "CollegeInformatiomSystem.csproj", "{1BB9E99E-6A7D-45A2-B955-AB8185A7B481}"
EndProject
Global
	GlobalSection(SolutionConfigurationPlatforms) = preSolution
		Debug|Any CPU = Debug|Any CPU
		Release|Any CPU = Release|Any CPU
	EndGlobalSection
	GlobalSection(ProjectConfigurationPlatforms) = postSolution
		{1BB9E99E-6A7D-45A2-B955-AB8185A7B481}.Debug|Any CPU.ActiveCfg = Debug|Any CPU
		{1BB9E99E-6A7D-45A2-B955-AB8185A7B481}.Debug|Any CPU.Build.0 = Debug|Any CPU
		{1BB9E99E-6A7D-45A2-B955-AB8185A7B481}.Release|Any CPU.ActiveCfg = Release|Any CPU
		{1BB9E99E-6A7D-45A2-B955-AB8185A7B481}.Release|Any CPU.Build.0 = Release|Any CPU
	EndGlobalSection
	GlobalSection(SolutionProperties) = preSolution
		HideSolutionNode = FALSE
	EndGlobalSection
	GlobalSection(ExtensibilityGlobals) = postSolution
		SolutionGuid = {2B4B8CDF-BD9C-4E93-A60E-C6929A6847C3}
	EndGlobalSection
EndGlobal
